{
  "name": "team-holiday",
  "version": "1.0.0",
  "lockfileVersion": 3,
  "requires": true,
  "packages": {
    "": {
      "name": "team-holiday",
      "version": "1.0.0",
      "dependencies": {
        "vite": "5.4.21"
      }
    },
    "node_modules/@esbuild/aix-ppc64": {
      "version": "0.21.5",
      "optional": true
    },
    "node_modules/@esbuild/android-arm": {
      "version": "0.21.5",
      "optional": true
    },
    "node_modules/@esbuild/android-arm64": {
      "version": "0.21.5",
      "optional": true
    },
    "node_modules/@esbuild/android-x64": {
      "version": "0.21.5",
      "optional": true
    },
    "node_modules/@esbuild/darwin-arm64": {
      "version": "0.21.5",
      "optional": true
    },
    "node_modules/@esbuild/darwin-x64": {
      "version": "0.21.5",
      "optional": true
    },
    "node_modules/@esbuild/freebsd-arm64": {
      "version": "0.21.5",
      "optional": true
    },
    "node_modules/@esbuild/freebsd-x64": {
      "version": "0.21.5",
      "optional": true
    },
    "node_modules/@esbuild/linux-arm": {
      "version": "0.21.5",
      "optional": true
    },
    "node_modules/@esbuild/linux-arm64": {
      "version": "0.21.5",
      "optional": true
    },
    "node_modules/@esbuild/linux-ia32": {
      "version": "0.21.5",
      "optional": true
    },
    "node_modules/@esbuild/linux-loong64": {
      "version": "0.21.5",
      "optional": true
    },
    "node_modules/@esbuild/linux-mips64el": {
      "version": "0.21.5",
      "optional": true
    },
    "node_modules/@esbuild/linux-ppc64": {
      "version": "0.21.5",
      "optional": true
    },
    "node_modules/@esbuild/linux-riscv64": {
      "version": "0.21.5",
      "optional": true
    },
    "node_modules/@esbuild/linux-s390x": {
      "version": "0.21.5",
      "optional": true
    },
    "node_modules/@esbuild/linux-x64": {
      "version": "0.21.5",
      "optional": true
    },
    "node_modules/@esbuild/netbsd-x64": {
      "version": "0.21.5",
      "optional": true
    },
    "node_modules/@esbuild/openbsd-x64": {
      "version": "0.21.5",
      "optional": true
    },
    "node_modules/@esbuild/sunos-x64": {
      "version": "0.21.5",
      "optional": true
    },
    "node_modules/@esbuild/win32-arm64": {
      "version": "0.21.5",
      "optional": true
    },
    "node_modules/@esbuild/win32-ia32": {
      "version": "0.21.5",
      "optional": true
    },
    "node_modules/@esbuild/win32-x64": {
      "version": "0.21.5",
      "optional": true
    },
    "node_modules/@rollup/rollup-android-arm-eabi": {
      "version": "4.55.3",
      "optional": true
    },
    "node_modules/@rollup/rollup-android-arm64": {
      "version": "4.55.3",
      "optional": true
    },
    "node_modules/@rollup/rollup-darwin-arm64": {
      "version": "4.55.3",
      "optional": true
    },
    "node_modules/@rollup/rollup-darwin-x64": {
      "version": "4.55.3",
      "optional": true
    },
    "node_modules/@rollup/rollup-freebsd-arm64": {
      "version": "4.55.3",
      "optional": true
    },
    "node_modules/@rollup/rollup-freebsd-x64": {
      "version": "4.55.3",
      "optional": true
    },
    "node_modules/@rollup/rollup-linux-arm-gnueabihf": {
      "version": "4.55.3",
      "optional": true
    },
    "node_modules/@rollup/rollup-linux-arm-musleabihf": {
      "version": "4.55.3",
      "optional": true
    },
    "node_modules/@rollup/rollup-linux-arm64-gnu": {
      "version": "4.55.3",
      "optional": true
    },
    "node_modules/@rollup/rollup-linux-arm64-musl": {
      "version": "4.55.3",
      "optional": true
    },
    "node_modules/@rollup/rollup-linux-loong64-gnu": {
      "version": "4.55.3",
      "optional": true
    },
    "node_modules/@rollup/rollup-linux-loong64-musl": {
      "version": "4.55.3",
      "optional": true
    },
    "node_modules/@rollup/rollup-linux-ppc64-gnu": {
      "version": "4.55.3",
      "optional": true
    },
    "node_modules/@rollup/rollup-linux-ppc64-musl": {
      "version": "4.55.3",
      "optional": true
    },
    "node_modules/@rollup/rollup-linux-riscv64-gnu": {
      "version": "4.55.3",
      "optional": true
    },
    "node_modules/@rollup/rollup-linux-riscv64-musl": {
      "version": "4.55.3",
      "optional": true
    },
    "node_modules/@rollup/rollup-linux-s390x-gnu": {
      "version": "4.55.3",
      "optional": true
    },
    "node_modules/@rollup/rollup-linux-x64-gnu": {
      "version": "4.55.3",
      "optional": true
    },
    "node_modules/@rollup/rollup-linux-x64-musl": {
      "version": "4.55.3",
      "optional": true
    },
    "node_modules/@rollup/rollup-openbsd-x64": {
      "version": "4.55.3",
      "optional": true
    },
    "node_modules/@rollup/rollup-openharmony-arm64": {
      "version": "4.55.3",
      "optional": true
    },
    "node_modules/@rollup/rollup-win32-arm64-msvc": {
      "version": "4.55.3",
      "optional": true
    },
    "node_modules/@rollup/rollup-win32-ia32-msvc": {
      "version": "4.55.3",
      "optional": true
    },
    "node_modules/@rollup/rollup-win32-x64-gnu": {
      "version": "4.55.3",
      "optional": true
    },
    "node_modules/@rollup/rollup-win32-x64-msvc": {
      "version": "4.55.3",
      "optional": true
    },
    "node_modules/@types/estree": {
      "version": "1.0.8"
    },
    "node_modules/esbuild": {
      "version": "0.21.5",
      "optionalDependencies": {
        "@esbuild/aix-ppc64": "0.21.5",
        "@esbuild/android-arm": "0.21.5",
        "@esbuild/android-arm64": "0.21.5",
        "@esbuild/android-x64": "0.21.5",
        "@esbuild/darwin-arm64": "0.21.5",
        "@esbuild/darwin-x64": "0.21.5",
        "@esbuild/freebsd-arm64": "0.21.5",
        "@esbuild/freebsd-x64": "0.21.5",
        "@esbuild/linux-arm": "0.21.5",
        "@esbuild/linux-arm64": "0.21.5",
        "@esbuild/linux-ia32": "0.21.5",
        "@esbuild/linux-loong64": "0.21.5",
        "@esbuild/linux-mips64el": "0.21.5",
        "@esbuild/linux-ppc64": "0.21.5",
        "@esbuild/linux-riscv64": "0.21.5",
        "@esbuild/linux-s390x": "0.21.5",
        "@esbuild/linux-x64": "0.21.5",
        "@esbuild/netbsd-x64": "0.21.5",
        "@esbuild/openbsd-x64": "0.21.5",
        "@esbuild/sunos-x64": "0.21.5",
        "@esbuild/win32-arm64": "0.21.5",
        "@esbuild/win32-ia32": "0.21.5",
        "@esbuild/win32-x64": "0.21.5"
      }
    },
    "node_modules/fsevents": {
      "version": "2.3.3",
      "optional": true
    },
    "node_modules/nanoid": {
      "version": "3.3.11"
    },
    "node_modules/picocolors": {
      "version": "1.1.1"
    },
    "node_modules/postcss": {
      "version": "8.5.6",
      "dependencies": {
        "nanoid": "3.3.11",
        "picocolors": "1.1.1",
        "source-map-js": "1.2.1"
      }
    },
    "node_modules/rollup": {
      "version": "4.55.3",
      "dependencies": {
        "@types/estree": "1.0.8"
      },
      "optionalDependencies": {
        "@rollup/rollup-android-arm-eabi": "4.55.3",
        "@rollup/rollup-android-arm64": "4.55.3",
        "@rollup/rollup-darwin-arm64": "4.55.3",
        "@rollup/rollup-darwin-x64": "4.55.3",
        "@rollup/rollup-freebsd-arm64": "4.55.3",
        "@rollup/rollup-freebsd-x64": "4.55.3",
        "@rollup/rollup-linux-arm-gnueabihf": "4.55.3",
        "@rollup/rollup-linux-arm-musleabihf": "4.55.3",
        "@rollup/rollup-linux-arm64-gnu": "4.55.3",
        "@rollup/rollup-linux-arm64-musl": "4.55.3",
        "@rollup/rollup-linux-loong64-gnu": "4.55.3",
        "@rollup/rollup-linux-loong64-musl": "4.55.3",
        "@rollup/rollup-linux-ppc64-gnu": "4.55.3",
        "@rollup/rollup-linux-ppc64-musl": "4.55.3",
        "@rollup/rollup-linux-riscv64-gnu": "4.55.3",
        "@rollup/rollup-linux-riscv64-musl": "4.55.3",
        "@rollup/rollup-linux-s390x-gnu": "4.55.3",
        "@rollup/rollup-linux-x64-gnu": "4.55.3",
        "@rollup/rollup-linux-x64-musl": "4.55.3",
        "@rollup/rollup-openbsd-x64": "4.55.3",
        "@rollup/rollup-openharmony-arm64": "4.55.3",
        "@rollup/rollup-win32-arm64-msvc": "4.55.3",
        "@rollup/rollup-win32-ia32-msvc": "4.55.3",
        "@rollup/rollup-win32-x64-gnu": "4.55.3",
        "@rollup/rollup-win32-x64-msvc": "4.55.3"
      }
    },
    "node_modules/source-map-js": {
      "version": "1.2.1"
    },
    "node_modules/vite": {
      "version": "5.4.21",
      "dependencies": {
        "esbuild": "0.21.5",
        "nanoid": "3.3.11",
        "picocolors": "1.1.1",
        "postcss": "8.5.6",
        "rollup": "4.55.3",
        "source-map-js": "1.2.1"
      },
      "optionalDependencies": {
        "fsevents": "2.3.3"
      }
    }
  }
}
